// !$*UTF8*$!
{
	archiveVersion = 1;
	classes = {
	};
	objectVersion = 46;
	objects = {

/* Begin PBXBuildFile section */
		13B98DE01DF1AB0E0059907F /* ApplicationAssembly.swift in Sources */ = {isa = PBXBuildFile; fileRef = 13B98DDF1DF1AB0E0059907F /* ApplicationAssembly.swift */; };
		13B98DE21DF1AB1B0059907F /* ViewControllerAssembly.swift in Sources */ = {isa = PBXBuildFile; fileRef = 13B98DE11DF1AB1B0059907F /* ViewControllerAssembly.swift */; };
		13B98DE41DF1AB240059907F /* DataSourceAssembly.swift in Sources */ = {isa = PBXBuildFile; fileRef = 13B98DE31DF1AB240059907F /* DataSourceAssembly.swift */; };
		13B98DE61DF1AB350059907F /* WorkflowAssembly.swift in Sources */ = {isa = PBXBuildFile; fileRef = 13B98DE51DF1AB350059907F /* WorkflowAssembly.swift */; };
		13B98DE81DF1AB3B0059907F /* ServiceAssembly.swift in Sources */ = {isa = PBXBuildFile; fileRef = 13B98DE71DF1AB3B0059907F /* ServiceAssembly.swift */; };
		13B98DEA1DF1AB410059907F /* SessionAssembly.swift in Sources */ = {isa = PBXBuildFile; fileRef = 13B98DE91DF1AB410059907F /* SessionAssembly.swift */; };
		13B98DEC1DF1ACAB0059907F /* ApplicationWorkflow.swift in Sources */ = {isa = PBXBuildFile; fileRef = 13B98DEB1DF1ACAB0059907F /* ApplicationWorkflow.swift */; };
		13E66C461DF19D2200FF71D6 /* Info.plist in Resources */ = {isa = PBXBuildFile; fileRef = 13E66C361DF19D2200FF71D6 /* Info.plist */; };
		13E66C471DF19D2200FF71D6 /* MainViewController.swift in Sources */ = {isa = PBXBuildFile; fileRef = 13E66C391DF19D2200FF71D6 /* MainViewController.swift */; };
		13E66C481DF19D2200FF71D6 /* MainViewController.xib in Resources */ = {isa = PBXBuildFile; fileRef = 13E66C3A1DF19D2200FF71D6 /* MainViewController.xib */; };
		13E66C491DF19D2200FF71D6 /* AppDelegate.swift in Sources */ = {isa = PBXBuildFile; fileRef = 13E66C3E1DF19D2200FF71D6 /* AppDelegate.swift */; };
		13E66C4A1DF19D2200FF71D6 /* Launch Screen.storyboard in Resources */ = {isa = PBXBuildFile; fileRef = 13E66C3F1DF19D2200FF71D6 /* Launch Screen.storyboard */; };
		13E66C4B1DF19D2200FF71D6 /* Assets.xcassets in Resources */ = {isa = PBXBuildFile; fileRef = 13E66C431DF19D2200FF71D6 /* Assets.xcassets */; };
		13F56B661DF6B76B00FAE420 /* BeaconsManagerService.swift in Sources */ = {isa = PBXBuildFile; fileRef = 13F56B631DF6B76B00FAE420 /* BeaconsManagerService.swift */; };
		13F56B671DF6B76B00FAE420 /* BeaconsManagerSession.swift in Sources */ = {isa = PBXBuildFile; fileRef = 13F56B651DF6B76B00FAE420 /* BeaconsManagerSession.swift */; };
		13F56B691DF6B86600FAE420 /* SynchronizationService.swift in Sources */ = {isa = PBXBuildFile; fileRef = 13F56B681DF6B86600FAE420 /* SynchronizationService.swift */; };
		13F56B6B1DF6B92C00FAE420 /* Journal.swift in Sources */ = {isa = PBXBuildFile; fileRef = 13F56B6A1DF6B92C00FAE420 /* Journal.swift */; };
		39923AE57A6870C7F14B31AB /* Pods_FloppyPillow.framework in Frameworks */ = {isa = PBXBuildFile; fileRef = 365DF812022A46B008D0D491 /* Pods_FloppyPillow.framework */; };
/* End PBXBuildFile section */

/* Begin PBXFileReference section */
		13B98DDF1DF1AB0E0059907F /* ApplicationAssembly.swift */ = {isa = PBXFileReference; fileEncoding = 4; lastKnownFileType = sourcecode.swift; path = ApplicationAssembly.swift; sourceTree = "<group>"; };
		13B98DE11DF1AB1B0059907F /* ViewControllerAssembly.swift */ = {isa = PBXFileReference; fileEncoding = 4; lastKnownFileType = sourcecode.swift; path = ViewControllerAssembly.swift; sourceTree = "<group>"; };
		13B98DE31DF1AB240059907F /* DataSourceAssembly.swift */ = {isa = PBXFileReference; fileEncoding = 4; lastKnownFileType = sourcecode.swift; path = DataSourceAssembly.swift; sourceTree = "<group>"; };
		13B98DE51DF1AB350059907F /* WorkflowAssembly.swift */ = {isa = PBXFileReference; fileEncoding = 4; lastKnownFileType = sourcecode.swift; path = WorkflowAssembly.swift; sourceTree = "<group>"; };
		13B98DE71DF1AB3B0059907F /* ServiceAssembly.swift */ = {isa = PBXFileReference; fileEncoding = 4; lastKnownFileType = sourcecode.swift; path = ServiceAssembly.swift; sourceTree = "<group>"; };
		13B98DE91DF1AB410059907F /* SessionAssembly.swift */ = {isa = PBXFileReference; fileEncoding = 4; lastKnownFileType = sourcecode.swift; path = SessionAssembly.swift; sourceTree = "<group>"; };
		13B98DEB1DF1ACAB0059907F /* ApplicationWorkflow.swift */ = {isa = PBXFileReference; fileEncoding = 4; lastKnownFileType = sourcecode.swift; path = ApplicationWorkflow.swift; sourceTree = "<group>"; };
		13E66C201DF19CF400FF71D6 /* FloppyPillow.app */ = {isa = PBXFileReference; explicitFileType = wrapper.application; includeInIndex = 0; path = FloppyPillow.app; sourceTree = BUILT_PRODUCTS_DIR; };
		13E66C361DF19D2200FF71D6 /* Info.plist */ = {isa = PBXFileReference; fileEncoding = 4; lastKnownFileType = text.plist.xml; path = Info.plist; sourceTree = "<group>"; };
		13E66C391DF19D2200FF71D6 /* MainViewController.swift */ = {isa = PBXFileReference; fileEncoding = 4; lastKnownFileType = sourcecode.swift; path = MainViewController.swift; sourceTree = "<group>"; };
		13E66C3A1DF19D2200FF71D6 /* MainViewController.xib */ = {isa = PBXFileReference; fileEncoding = 4; lastKnownFileType = file.xib; path = MainViewController.xib; sourceTree = "<group>"; };
		13E66C3E1DF19D2200FF71D6 /* AppDelegate.swift */ = {isa = PBXFileReference; fileEncoding = 4; lastKnownFileType = sourcecode.swift; path = AppDelegate.swift; sourceTree = "<group>"; };
		13E66C3F1DF19D2200FF71D6 /* Launch Screen.storyboard */ = {isa = PBXFileReference; fileEncoding = 4; lastKnownFileType = file.storyboard; path = "Launch Screen.storyboard"; sourceTree = "<group>"; };
		13E66C431DF19D2200FF71D6 /* Assets.xcassets */ = {isa = PBXFileReference; lastKnownFileType = folder.assetcatalog; path = Assets.xcassets; sourceTree = "<group>"; };
		13F56B631DF6B76B00FAE420 /* BeaconsManagerService.swift */ = {isa = PBXFileReference; fileEncoding = 4; lastKnownFileType = sourcecode.swift; path = BeaconsManagerService.swift; sourceTree = "<group>"; };
		13F56B651DF6B76B00FAE420 /* BeaconsManagerSession.swift */ = {isa = PBXFileReference; fileEncoding = 4; lastKnownFileType = sourcecode.swift; path = BeaconsManagerSession.swift; sourceTree = "<group>"; };
		13F56B681DF6B86600FAE420 /* SynchronizationService.swift */ = {isa = PBXFileReference; fileEncoding = 4; lastKnownFileType = sourcecode.swift; path = SynchronizationService.swift; sourceTree = "<group>"; };
		13F56B6A1DF6B92C00FAE420 /* Journal.swift */ = {isa = PBXFileReference; fileEncoding = 4; lastKnownFileType = sourcecode.swift; path = Journal.swift; sourceTree = "<group>"; };
		365DF812022A46B008D0D491 /* Pods_FloppyPillow.framework */ = {isa = PBXFileReference; explicitFileType = wrapper.framework; includeInIndex = 0; path = Pods_FloppyPillow.framework; sourceTree = BUILT_PRODUCTS_DIR; };
		C2728590AF75124D123DAC66 /* Pods-FloppyPillow.release.xcconfig */ = {isa = PBXFileReference; includeInIndex = 1; lastKnownFileType = text.xcconfig; name = "Pods-FloppyPillow.release.xcconfig"; path = "Pods/Target Support Files/Pods-FloppyPillow/Pods-FloppyPillow.release.xcconfig"; sourceTree = "<group>"; };
		F60F626D96015710A424DD91 /* Pods-FloppyPillow.debug.xcconfig */ = {isa = PBXFileReference; includeInIndex = 1; lastKnownFileType = text.xcconfig; name = "Pods-FloppyPillow.debug.xcconfig"; path = "Pods/Target Support Files/Pods-FloppyPillow/Pods-FloppyPillow.debug.xcconfig"; sourceTree = "<group>"; };
/* End PBXFileReference section */

/* Begin PBXFrameworksBuildPhase section */
		13E66C1D1DF19CF400FF71D6 /* Frameworks */ = {
			isa = PBXFrameworksBuildPhase;
			buildActionMask = 2147483647;
			files = (
				39923AE57A6870C7F14B31AB /* Pods_FloppyPillow.framework in Frameworks */,
			);
			runOnlyForDeploymentPostprocessing = 0;
		};
/* End PBXFrameworksBuildPhase section */

/* Begin PBXGroup section */
		13B98DDE1DF1AADA0059907F /* Assemblies */ = {
			isa = PBXGroup;
			children = (
				13B98DDF1DF1AB0E0059907F /* ApplicationAssembly.swift */,
				13B98DE11DF1AB1B0059907F /* ViewControllerAssembly.swift */,
				13B98DE31DF1AB240059907F /* DataSourceAssembly.swift */,
				13B98DE51DF1AB350059907F /* WorkflowAssembly.swift */,
				13B98DE71DF1AB3B0059907F /* ServiceAssembly.swift */,
				13B98DE91DF1AB410059907F /* SessionAssembly.swift */,
			);
			path = Assemblies;
			sourceTree = "<group>";
		};
		13E66C171DF19CF400FF71D6 = {
			isa = PBXGroup;
			children = (
				13E66C221DF19CF400FF71D6 /* FloppyPillow */,
				13E66C211DF19CF400FF71D6 /* Products */,
				17EB3977372CEA73C9548966 /* Pods */,
				41E0B70AE46E70AC15AAF2A5 /* Frameworks */,
			);
			sourceTree = "<group>";
		};
		13E66C211DF19CF400FF71D6 /* Products */ = {
			isa = PBXGroup;
			children = (
				13E66C201DF19CF400FF71D6 /* FloppyPillow.app */,
			);
			name = Products;
			sourceTree = "<group>";
		};
		13E66C221DF19CF400FF71D6 /* FloppyPillow */ = {
			isa = PBXGroup;
			children = (
				13E66C3D1DF19D2200FF71D6 /* Init */,
				13B98DDE1DF1AADA0059907F /* Assemblies */,
				13E66C371DF19D2200FF71D6 /* GUI */,
				13E66C401DF19D2200FF71D6 /* Models */,
				13E66C451DF19D2200FF71D6 /* Workflows */,
				13F56B621DF6B76B00FAE420 /* Services */,
				13F56B641DF6B76B00FAE420 /* Sessions */,
				13E66C441DF19D2200FF71D6 /* System */,
				13E66C421DF19D2200FF71D6 /* Resources */,
				13E66C351DF19D2200FF71D6 /* Config */,
			);
			path = FloppyPillow;
			sourceTree = "<group>";
		};
		13E66C351DF19D2200FF71D6 /* Config */ = {
			isa = PBXGroup;
			children = (
				13E66C361DF19D2200FF71D6 /* Info.plist */,
			);
			path = Config;
			sourceTree = "<group>";
		};
		13E66C371DF19D2200FF71D6 /* GUI */ = {
			isa = PBXGroup;
			children = (
				13E66C381DF19D2200FF71D6 /* ViewControllers */,
				13E66C3B1DF19D2200FF71D6 /* Views */,
			);
			path = GUI;
			sourceTree = "<group>";
		};
		13E66C381DF19D2200FF71D6 /* ViewControllers */ = {
			isa = PBXGroup;
			children = (
				13E66C391DF19D2200FF71D6 /* MainViewController.swift */,
				13E66C3A1DF19D2200FF71D6 /* MainViewController.xib */,
			);
			path = ViewControllers;
			sourceTree = "<group>";
		};
		13E66C3B1DF19D2200FF71D6 /* Views */ = {
			isa = PBXGroup;
			children = (
				13E66C3C1DF19D2200FF71D6 /* CollectionCells */,
			);
			path = Views;
			sourceTree = "<group>";
		};
		13E66C3C1DF19D2200FF71D6 /* CollectionCells */ = {
			isa = PBXGroup;
			children = (
			);
			path = CollectionCells;
			sourceTree = "<group>";
		};
		13E66C3D1DF19D2200FF71D6 /* Init */ = {
			isa = PBXGroup;
			children = (
				13E66C3E1DF19D2200FF71D6 /* AppDelegate.swift */,
				13E66C3F1DF19D2200FF71D6 /* Launch Screen.storyboard */,
			);
			path = Init;
			sourceTree = "<group>";
		};
		13E66C401DF19D2200FF71D6 /* Models */ = {
			isa = PBXGroup;
			children = (
				13F56B6A1DF6B92C00FAE420 /* Journal.swift */,
			);
			path = Models;
			sourceTree = "<group>";
		};
		13E66C421DF19D2200FF71D6 /* Resources */ = {
			isa = PBXGroup;
			children = (
				13E66C431DF19D2200FF71D6 /* Assets.xcassets */,
			);
			path = Resources;
			sourceTree = "<group>";
		};
		13E66C441DF19D2200FF71D6 /* System */ = {
			isa = PBXGroup;
			children = (
			);
			path = System;
			sourceTree = "<group>";
		};
		13E66C451DF19D2200FF71D6 /* Workflows */ = {
			isa = PBXGroup;
			children = (
				13B98DEB1DF1ACAB0059907F /* ApplicationWorkflow.swift */,
			);
			path = Workflows;
			sourceTree = "<group>";
		};
		13F56B621DF6B76B00FAE420 /* Services */ = {
			isa = PBXGroup;
			children = (
				13F56B631DF6B76B00FAE420 /* BeaconsManagerService.swift */,
				13F56B681DF6B86600FAE420 /* SynchronizationService.swift */,
			);
			path = Services;
			sourceTree = "<group>";
		};
		13F56B641DF6B76B00FAE420 /* Sessions */ = {
			isa = PBXGroup;
			children = (
				13F56B651DF6B76B00FAE420 /* BeaconsManagerSession.swift */,
			);
			path = Sessions;
			sourceTree = "<group>";
		};
		17EB3977372CEA73C9548966 /* Pods */ = {
			isa = PBXGroup;
			children = (
				F60F626D96015710A424DD91 /* Pods-FloppyPillow.debug.xcconfig */,
				C2728590AF75124D123DAC66 /* Pods-FloppyPillow.release.xcconfig */,
			);
			name = Pods;
			sourceTree = "<group>";
		};
		41E0B70AE46E70AC15AAF2A5 /* Frameworks */ = {
			isa = PBXGroup;
			children = (
				365DF812022A46B008D0D491 /* Pods_FloppyPillow.framework */,
			);
			name = Frameworks;
			sourceTree = "<group>";
		};
/* End PBXGroup section */

/* Begin PBXNativeTarget section */
		13E66C1F1DF19CF400FF71D6 /* FloppyPillow */ = {
			isa = PBXNativeTarget;
			buildConfigurationList = 13E66C321DF19CF400FF71D6 /* Build configuration list for PBXNativeTarget "FloppyPillow" */;
			buildPhases = (
				9EA2B5B2C4B352FAE3D84F7F /* [CP] Check Pods Manifest.lock */,
				13E66C1C1DF19CF400FF71D6 /* Sources */,
				13E66C1D1DF19CF400FF71D6 /* Frameworks */,
				13E66C1E1DF19CF400FF71D6 /* Resources */,
				A9B6CC62A36922D2F62AD0A6 /* [CP] Embed Pods Frameworks */,
				8E5B69D36F719EE3AE338FB9 /* [CP] Copy Pods Resources */,
			);
			buildRules = (
			);
			dependencies = (
			);
			name = FloppyPillow;
			productName = FloppyPillow;
			productReference = 13E66C201DF19CF400FF71D6 /* FloppyPillow.app */;
			productType = "com.apple.product-type.application";
		};
/* End PBXNativeTarget section */

/* Begin PBXProject section */
		13E66C181DF19CF400FF71D6 /* Project object */ = {
			isa = PBXProject;
			attributes = {
				LastSwiftUpdateCheck = 0810;
				LastUpgradeCheck = 0810;
				ORGANIZATIONNAME = SoftwareHut;
				TargetAttributes = {
					13E66C1F1DF19CF400FF71D6 = {
						CreatedOnToolsVersion = 8.1;
						DevelopmentTeam = H5DTA27T4L;
						ProvisioningStyle = Automatic;
						SystemCapabilities = {
							com.apple.BackgroundModes = {
								enabled = 1;
							};
						};
					};
				};
			};
			buildConfigurationList = 13E66C1B1DF19CF400FF71D6 /* Build configuration list for PBXProject "FloppyPillow" */;
			compatibilityVersion = "Xcode 3.2";
			developmentRegion = English;
			hasScannedForEncodings = 0;
			knownRegions = (
				en,
				Base,
			);
			mainGroup = 13E66C171DF19CF400FF71D6;
			productRefGroup = 13E66C211DF19CF400FF71D6 /* Products */;
			projectDirPath = "";
			projectRoot = "";
			targets = (
				13E66C1F1DF19CF400FF71D6 /* FloppyPillow */,
			);
		};
/* End PBXProject section */

/* Begin PBXResourcesBuildPhase section */
		13E66C1E1DF19CF400FF71D6 /* Resources */ = {
			isa = PBXResourcesBuildPhase;
			buildActionMask = 2147483647;
			files = (
				13E66C4A1DF19D2200FF71D6 /* Launch Screen.storyboard in Resources */,
				13E66C461DF19D2200FF71D6 /* Info.plist in Resources */,
				13E66C4B1DF19D2200FF71D6 /* Assets.xcassets in Resources */,
				13E66C481DF19D2200FF71D6 /* MainViewController.xib in Resources */,
			);
			runOnlyForDeploymentPostprocessing = 0;
		};
/* End PBXResourcesBuildPhase section */

/* Begin PBXShellScriptBuildPhase section */
		8E5B69D36F719EE3AE338FB9 /* [CP] Copy Pods Resources */ = {
			isa = PBXShellScriptBuildPhase;
			buildActionMask = 2147483647;
			files = (
			);
			inputPaths = (
			);
			name = "[CP] Copy Pods Resources";
			outputPaths = (
			);
			runOnlyForDeploymentPostprocessing = 0;
			shellPath = /bin/sh;
			shellScript = "\"${SRCROOT}/Pods/Target Support Files/Pods-FloppyPillow/Pods-FloppyPillow-resources.sh\"\n";
			showEnvVarsInLog = 0;
		};
		9EA2B5B2C4B352FAE3D84F7F /* [CP] Check Pods Manifest.lock */ = {
			isa = PBXShellScriptBuildPhase;
			buildActionMask = 2147483647;
			files = (
			);
			inputPaths = (
			);
			name = "[CP] Check Pods Manifest.lock";
			outputPaths = (
			);
			runOnlyForDeploymentPostprocessing = 0;
			shellPath = /bin/sh;
			shellScript = "diff \"${PODS_ROOT}/../Podfile.lock\" \"${PODS_ROOT}/Manifest.lock\" > /dev/null\nif [ $? != 0 ] ; then\n    # print error to STDERR\n    echo \"error: The sandbox is not in sync with the Podfile.lock. Run 'pod install' or update your CocoaPods installation.\" >&2\n    exit 1\nfi\n";
			showEnvVarsInLog = 0;
		};
		A9B6CC62A36922D2F62AD0A6 /* [CP] Embed Pods Frameworks */ = {
			isa = PBXShellScriptBuildPhase;
			buildActionMask = 2147483647;
			files = (
			);
			inputPaths = (
			);
			name = "[CP] Embed Pods Frameworks";
			outputPaths = (
			);
			runOnlyForDeploymentPostprocessing = 0;
			shellPath = /bin/sh;
			shellScript = "\"${SRCROOT}/Pods/Target Support Files/Pods-FloppyPillow/Pods-FloppyPillow-frameworks.sh\"\n";
			showEnvVarsInLog = 0;
		};
/* End PBXShellScriptBuildPhase section */

/* Begin PBXSourcesBuildPhase section */
		13E66C1C1DF19CF400FF71D6 /* Sources */ = {
			isa = PBXSourcesBuildPhase;
			buildActionMask = 2147483647;
			files = (
				13B98DE61DF1AB350059907F /* WorkflowAssembly.swift in Sources */,
				13B98DEC1DF1ACAB0059907F /* ApplicationWorkflow.swift in Sources */,
				13B98DE41DF1AB240059907F /* DataSourceAssembly.swift in Sources */,
				13E66C491DF19D2200FF71D6 /* AppDelegate.swift in Sources */,
				13B98DE81DF1AB3B0059907F /* ServiceAssembly.swift in Sources */,
				13B98DEA1DF1AB410059907F /* SessionAssembly.swift in Sources */,
				13F56B691DF6B86600FAE420 /* SynchronizationService.swift in Sources */,
				13B98DE01DF1AB0E0059907F /* ApplicationAssembly.swift in Sources */,
				13B98DE21DF1AB1B0059907F /* ViewControllerAssembly.swift in Sources */,
				13F56B6B1DF6B92C00FAE420 /* Journal.swift in Sources */,
				13E66C471DF19D2200FF71D6 /* MainViewController.swift in Sources */,
				13F56B661DF6B76B00FAE420 /* BeaconsManagerService.swift in Sources */,
				13F56B671DF6B76B00FAE420 /* BeaconsManagerSession.swift in Sources */,
			);
			runOnlyForDeploymentPostprocessing = 0;
		};
/* End PBXSourcesBuildPhase section */

/* Begin XCBuildConfiguration section */
		13E66C301DF19CF400FF71D6 /* Debug */ = {
			isa = XCBuildConfiguration;
			buildSettings = {
				ALWAYS_SEARCH_USER_PATHS = NO;
				CLANG_ANALYZER_NONNULL = YES;
				CLANG_CXX_LANGUAGE_STANDARD = "gnu++0x";
				CLANG_CXX_LIBRARY = "libc++";
				CLANG_ENABLE_MODULES = YES;
				CLANG_ENABLE_OBJC_ARC = YES;
				CLANG_WARN_BOOL_CONVERSION = YES;
				CLANG_WARN_CONSTANT_CONVERSION = YES;
				CLANG_WARN_DIRECT_OBJC_ISA_USAGE = YES_ERROR;
				CLANG_WARN_DOCUMENTATION_COMMENTS = YES;
				CLANG_WARN_EMPTY_BODY = YES;
				CLANG_WARN_ENUM_CONVERSION = YES;
				CLANG_WARN_INFINITE_RECURSION = YES;
				CLANG_WARN_INT_CONVERSION = YES;
				CLANG_WARN_OBJC_ROOT_CLASS = YES_ERROR;
				CLANG_WARN_SUSPICIOUS_MOVES = YES;
				CLANG_WARN_UNREACHABLE_CODE = YES;
				CLANG_WARN__DUPLICATE_METHOD_MATCH = YES;
				"CODE_SIGN_IDENTITY[sdk=iphoneos*]" = "iPhone Developer";
				COPY_PHASE_STRIP = NO;
				DEBUG_INFORMATION_FORMAT = dwarf;
				ENABLE_STRICT_OBJC_MSGSEND = YES;
				ENABLE_TESTABILITY = YES;
				GCC_C_LANGUAGE_STANDARD = gnu99;
				GCC_DYNAMIC_NO_PIC = NO;
				GCC_NO_COMMON_BLOCKS = YES;
				GCC_OPTIMIZATION_LEVEL = 0;
				GCC_PREPROCESSOR_DEFINITIONS = (
					"DEBUG=1",
					"$(inherited)",
				);
				GCC_WARN_64_TO_32_BIT_CONVERSION = YES;
				GCC_WARN_ABOUT_RETURN_TYPE = YES_ERROR;
				GCC_WARN_UNDECLARED_SELECTOR = YES;
				GCC_WARN_UNINITIALIZED_AUTOS = YES_AGGRESSIVE;
				GCC_WARN_UNUSED_FUNCTION = YES;
				GCC_WARN_UNUSED_VARIABLE = YES;
				IPHONEOS_DEPLOYMENT_TARGET = 10.1;
				MTL_ENABLE_DEBUG_INFO = YES;
				ONLY_ACTIVE_ARCH = YES;
				SDKROOT = iphoneos;
				SWIFT_ACTIVE_COMPILATION_CONDITIONS = DEBUG;
				SWIFT_OPTIMIZATION_LEVEL = "-Onone";
			};
			name = Debug;
		};
		13E66C311DF19CF400FF71D6 /* Release */ = {
			isa = XCBuildConfiguration;
			buildSettings = {
				ALWAYS_SEARCH_USER_PATHS = NO;
				CLANG_ANALYZER_NONNULL = YES;
				CLANG_CXX_LANGUAGE_STANDARD = "gnu++0x";
				CLANG_CXX_LIBRARY = "libc++";
				CLANG_ENABLE_MODULES = YES;
				CLANG_ENABLE_OBJC_ARC = YES;
				CLANG_WARN_BOOL_CONVERSION = YES;
				CLANG_WARN_CONSTANT_CONVERSION = YES;
				CLANG_WARN_DIRECT_OBJC_ISA_USAGE = YES_ERROR;
				CLANG_WARN_DOCUMENTATION_COMMENTS = YES;
				CLANG_WARN_EMPTY_BODY = YES;
				CLANG_WARN_ENUM_CONVERSION = YES;
				CLANG_WARN_INFINITE_RECURSION = YES;
				CLANG_WARN_INT_CONVERSION = YES;
				CLANG_WARN_OBJC_ROOT_CLASS = YES_ERROR;
				CLANG_WARN_SUSPICIOUS_MOVES = YES;
				CLANG_WARN_UNREACHABLE_CODE = YES;
				CLANG_WARN__DUPLICATE_METHOD_MATCH = YES;
				"CODE_SIGN_IDENTITY[sdk=iphoneos*]" = "iPhone Developer";
				COPY_PHASE_STRIP = NO;
				DEBUG_INFORMATION_FORMAT = "dwarf-with-dsym";
				ENABLE_NS_ASSERTIONS = NO;
				ENABLE_STRICT_OBJC_MSGSEND = YES;
				GCC_C_LANGUAGE_STANDARD = gnu99;
				GCC_NO_COMMON_BLOCKS = YES;
				GCC_WARN_64_TO_32_BIT_CONVERSION = YES;
				GCC_WARN_ABOUT_RETURN_TYPE = YES_ERROR;
				GCC_WARN_UNDECLARED_SELECTOR = YES;
				GCC_WARN_UNINITIALIZED_AUTOS = YES_AGGRESSIVE;
				GCC_WARN_UNUSED_FUNCTION = YES;
				GCC_WARN_UNUSED_VARIABLE = YES;
				IPHONEOS_DEPLOYMENT_TARGET = 10.1;
				MTL_ENABLE_DEBUG_INFO = NO;
				SDKROOT = iphoneos;
				SWIFT_OPTIMIZATION_LEVEL = "-Owholemodule";
				VALIDATE_PRODUCT = YES;
			};
			name = Release;
		};
		13E66C331DF19CF400FF71D6 /* Debug */ = {
			isa = XCBuildConfiguration;
			baseConfigurationReference = F60F626D96015710A424DD91 /* Pods-FloppyPillow.debug.xcconfig */;
			buildSettings = {
				ASSETCATALOG_COMPILER_APPICON_NAME = AppIcon;
				DEVELOPMENT_TEAM = H5DTA27T4L;
				INFOPLIST_FILE = "$(SRCROOT)/FloppyPillow/Config/Info.plist";
				IPHONEOS_DEPLOYMENT_TARGET = 10.0;
				LD_RUNPATH_SEARCH_PATHS = "$(inherited) @executable_path/Frameworks";
				PRODUCT_BUNDLE_IDENTIFIER = pl.softwarehut.FloppyPillow;
				PRODUCT_NAME = "$(TARGET_NAME)";
				SWIFT_VERSION = 3.0;
			};
			name = Debug;
		};
		13E66C341DF19CF400FF71D6 /* Release */ = {
			isa = XCBuildConfiguration;
			baseConfigurationReference = C2728590AF75124D123DAC66 /* Pods-FloppyPillow.release.xcconfig */;
			buildSettings = {
				ASSETCATALOG_COMPILER_APPICON_NAME = AppIcon;
				DEVELOPMENT_TEAM = H5DTA27T4L;
				INFOPLIST_FILE = "$(SRCROOT)/FloppyPillow/Config/Info.plist";
				IPHONEOS_DEPLOYMENT_TARGET = 10.0;
				LD_RUNPATH_SEARCH_PATHS = "$(inherited) @executable_path/Frameworks";
				PRODUCT_BUNDLE_IDENTIFIER = pl.softwarehut.FloppyPillow;
				PRODUCT_NAME = "$(TARGET_NAME)";
				SWIFT_VERSION = 3.0;
			};
			name = Release;
		};
/* End XCBuildConfiguration section */

/* Begin XCConfigurationList section */
		13E66C1B1DF19CF400FF71D6 /* Build configuration list for PBXProject "FloppyPillow" */ = {
			isa = XCConfigurationList;
			buildConfigurations = (
				13E66C301DF19CF400FF71D6 /* Debug */,
				13E66C311DF19CF400FF71D6 /* Release */,
			);
			defaultConfigurationIsVisible = 0;
			defaultConfigurationName = Release;
		};
		13E66C321DF19CF400FF71D6 /* Build configuration list for PBXNativeTarget "FloppyPillow" */ = {
			isa = XCConfigurationList;
			buildConfigurations = (
				13E66C331DF19CF400FF71D6 /* Debug */,
				13E66C341DF19CF400FF71D6 /* Release */,
			);
			defaultConfigurationIsVisible = 0;
			defaultConfigurationName = Release;
		};
/* End XCConfigurationList section */
	};
	rootObject = 13E66C181DF19CF400FF71D6 /* Project object */;
}
